
Microsoft Visual Studio Solution File, Format Version 12.00
# Visual Studio Version 16
VisualStudioVersion = 16.0.32002.261
MinimumVisualStudioVersion = 10.0.40219.1
Project("{9A19103F-16F7-4668-BE54-9A1E7A4F7556}") = "AutocompleteApp", "AutocompleteApp\AutocompleteApp.csproj", "{D42B3F35-A7E1-45B8-8C8E-6F9E73D05065}"
EndProject
Project("{9A19103F-16F7-4668-BE54-9A1E7A4F7556}") = "AutocompleteApp.Model", "AutocompleteApp.Model\AutocompleteApp.Model.csproj", "{A076B02C-62F5-4141-AF03-F21423D7E8BC}"
EndProject
Project("{9A19103F-16F7-4668-BE54-9A1E7A4F7556}") = "AutocompleteApp.Data", "AutocompleteApp.Data\AutocompleteApp.Data.csproj", "{C3518EB0-37E7-426B-8AF9-7463899CBA69}"
EndProject
Project("{9A19103F-16F7-4668-BE54-9A1E7A4F7556}") = "AutocompleteApp.Test", "AutocompleteApp.Test\AutocompleteApp.Test.csproj", "{2881B5D6-8C44-48D3-B0C6-E2ABB2F9FA0B}"
EndProject
Global
	GlobalSection(SolutionConfigurationPlatforms) = preSolution
		Debug|Any CPU = Debug|Any CPU
		Release|Any CPU = Release|Any CPU
	EndGlobalSection
	GlobalSection(ProjectConfigurationPlatforms) = postSolution
		{D42B3F35-A7E1-45B8-8C8E-6F9E73D05065}.Debug|Any CPU.ActiveCfg = Debug|Any CPU
		{D42B3F35-A7E1-45B8-8C8E-6F9E73D05065}.Debug|Any CPU.Build.0 = Debug|Any CPU
		{D42B3F35-A7E1-45B8-8C8E-6F9E73D05065}.Release|Any CPU.ActiveCfg = Release|Any CPU
		{D42B3F35-A7E1-45B8-8C8E-6F9E73D05065}.Release|Any CPU.Build.0 = Release|Any CPU
		{A076B02C-62F5-4141-AF03-F21423D7E8BC}.Debug|Any CPU.ActiveCfg = Debug|Any CPU
		{A076B02C-62F5-4141-AF03-F21423D7E8BC}.Debug|Any CPU.Build.0 = Debug|Any CPU
		{A076B02C-62F5-4141-AF03-F21423D7E8BC}.Release|Any CPU.ActiveCfg = Release|Any CPU
		{A076B02C-62F5-4141-AF03-F21423D7E8BC}.Release|Any CPU.Build.0 = Release|Any CPU
		{C3518EB0-37E7-426B-8AF9-7463899CBA69}.Debug|Any CPU.ActiveCfg = Debug|Any CPU
		{C3518EB0-37E7-426B-8AF9-7463899CBA69}.Debug|Any CPU.Build.0 = Debug|Any CPU
		{C3518EB0-37E7-426B-8AF9-7463899CBA69}.Release|Any CPU.ActiveCfg = Release|Any CPU
		{C3518EB0-37E7-426B-8AF9-7463899CBA69}.Release|Any CPU.Build.0 = Release|Any CPU
		{2881B5D6-8C44-48D3-B0C6-E2ABB2F9FA0B}.Debug|Any CPU.ActiveCfg = Debug|Any CPU
		{2881B5D6-8C44-48D3-B0C6-E2ABB2F9FA0B}.Debug|Any CPU.Build.0 = Debug|Any CPU
		{2881B5D6-8C44-48D3-B0C6-E2ABB2F9FA0B}.Release|Any CPU.ActiveCfg = Release|Any CPU
		{2881B5D6-8C44-48D3-B0C6-E2ABB2F9FA0B}.Release|Any CPU.Build.0 = Release|Any CPU
	EndGlobalSection
	GlobalSection(SolutionProperties) = preSolution
		HideSolutionNode = FALSE
	EndGlobalSection
	GlobalSection(ExtensibilityGlobals) = postSolution
		SolutionGuid = {25921BDC-7887-4B44-B7B4-D62413B1765F}
	EndGlobalSection
EndGlobal
